{"1.2.0",
[{<<"ebeanstalkd">>,{pkg,<<"ebeanstalkd">>,<<"3.0.0">>},0},
 {<<"erlpool">>,{pkg,<<"erlpool">>,<<"1.4.4">>},0},
 {<<"yamerl">>,{pkg,<<"yamerl">>,<<"0.10.0">>},1}]}.
[
{pkg_hash,[
 {<<"ebeanstalkd">>, <<"8E1005AD2A5FB8388E2E1081ACFB688BC24194884FA2F810B73B47F2DC846455">>},
 {<<"erlpool">>, <<"7478CE8AD82EEC88CA6E05B7F2E08FCCC92D983728A952352305F0337878AD75">>},
 {<<"yamerl">>, <<"4FF81FEE2F1F6A46F1700C0D880B24D193DDB74BD14EF42CB0BCF46E81EF2F8E">>}]},
{pkg_hash_ext,[
 {<<"ebeanstalkd">>, <<"25BA8A8596E9D38450AA829F723C3940A196C9E902068888984D60DE4E10703E">>},
 {<<"erlpool">>, <<"780E7EB9F4742F799C858135490EAE4DE9D0A3317501662AF6D305C6B32D5F7B">>},
 {<<"yamerl">>, <<"346ADB2963F1051DC837A2364E4ACF6EB7D80097C0F53CBDC3046EC8EC4B4E6E">>}]}
].
